
Microsoft Visual Studio Solution File, Format Version 12.00
# Visual Studio 15
VisualStudioVersion = 15.0.27428.2037
MinimumVisualStudioVersion = 10.0.40219.1
Project("{FAE04EC0-301F-11D3-BF4B-00C04F79EFBC}") = "CalcHP12C", "CalcHP12C\CalcHP12C.csproj", "{C8934CA3-424B-42C3-9917-CCAD9E5CED4E}"
EndProject
Global
	GlobalSection(SolutionConfigurationPlatforms) = preSolution
		Debug|Any CPU = Debug|Any CPU
		Release|Any CPU = Release|Any CPU
	EndGlobalSection
	GlobalSection(ProjectConfigurationPlatforms) = postSolution
		{C8934CA3-424B-42C3-9917-CCAD9E5CED4E}.Debug|Any CPU.ActiveCfg = Debug|Any CPU
		{C8934CA3-424B-42C3-9917-CCAD9E5CED4E}.Debug|Any CPU.Build.0 = Debug|Any CPU
		{C8934CA3-424B-42C3-9917-CCAD9E5CED4E}.Release|Any CPU.ActiveCfg = Release|Any CPU
		{C8934CA3-424B-42C3-9917-CCAD9E5CED4E}.Release|Any CPU.Build.0 = Release|Any CPU
	EndGlobalSection
	GlobalSection(SolutionProperties) = preSolution
		HideSolutionNode = FALSE
	EndGlobalSection
	GlobalSection(ExtensibilityGlobals) = postSolution
		SolutionGuid = {9E975CF7-3788-49C2-8B12-E15CD64E9373}
	EndGlobalSection
EndGlobal
